// !$*UTF8*$!
{
	archiveVersion = 1;
	classes = {
	};
	objectVersion = 46;
	objects = {

/* Begin PBXBuildFile section */
		420004B61CB365BF00E944B9 /* LocationService.m in Sources */ = {isa = PBXBuildFile; fileRef = 420004B51CB365BF00E944B9 /* LocationService.m */; };
		4236435C1CAD229700546C5D /* Global.strings in Resources */ = {isa = PBXBuildFile; fileRef = 4236435E1CAD229700546C5D /* Global.strings */; };
		423CDBDB1CA3C2DF005C6EE4 /* main.m in Sources */ = {isa = PBXBuildFile; fileRef = 423CDBDA1CA3C2DF005C6EE4 /* main.m */; };
		423CDBDE1CA3C2DF005C6EE4 /* AppDelegate.m in Sources */ = {isa = PBXBuildFile; fileRef = 423CDBDD1CA3C2DF005C6EE4 /* AppDelegate.m */; };
		423CDBE11CA3C2DF005C6EE4 /* ViewController.m in Sources */ = {isa = PBXBuildFile; fileRef = 423CDBE01CA3C2DF005C6EE4 /* ViewController.m */; };
		423CDBE41CA3C2DF005C6EE4 /* Main.storyboard in Resources */ = {isa = PBXBuildFile; fileRef = 423CDBE21CA3C2DF005C6EE4 /* Main.storyboard */; };
		423CDBE61CA3C2DF005C6EE4 /* Assets.xcassets in Resources */ = {isa = PBXBuildFile; fileRef = 423CDBE51CA3C2DF005C6EE4 /* Assets.xcassets */; };
		423CDBE91CA3C2DF005C6EE4 /* LaunchScreen.storyboard in Resources */ = {isa = PBXBuildFile; fileRef = 423CDBE71CA3C2DF005C6EE4 /* LaunchScreen.storyboard */; };
		423CDC391CA3C9CD005C6EE4 /* CustomButton.m in Sources */ = {isa = PBXBuildFile; fileRef = 423CDBF31CA3C9CD005C6EE4 /* CustomButton.m */; };
		423CDC3A1CA3C9CD005C6EE4 /* CustomImageView.m in Sources */ = {isa = PBXBuildFile; fileRef = 423CDBF51CA3C9CD005C6EE4 /* CustomImageView.m */; };
		423CDC3B1CA3C9CD005C6EE4 /* CustomLabel.m in Sources */ = {isa = PBXBuildFile; fileRef = 423CDBF71CA3C9CD005C6EE4 /* CustomLabel.m */; };
		423CDC3C1CA3C9CD005C6EE4 /* CustomTextField.m in Sources */ = {isa = PBXBuildFile; fileRef = 423CDBF91CA3C9CD005C6EE4 /* CustomTextField.m */; };
		423CDC3D1CA3C9CD005C6EE4 /* PlaceHolderTextView.m in Sources */ = {isa = PBXBuildFile; fileRef = 423CDBFB1CA3C9CD005C6EE4 /* PlaceHolderTextView.m */; };
		423CDC3E1CA3C9CD005C6EE4 /* NSString+Encrypt.m in Sources */ = {isa = PBXBuildFile; fileRef = 423CDBFE1CA3C9CD005C6EE4 /* NSString+Encrypt.m */; };
		423CDC3F1CA3C9CD005C6EE4 /* NSString+Expand.m in Sources */ = {isa = PBXBuildFile; fileRef = 423CDC001CA3C9CD005C6EE4 /* NSString+Expand.m */; };
		423CDC401CA3C9CD005C6EE4 /* UIColor+Hexadecimal.m in Sources */ = {isa = PBXBuildFile; fileRef = 423CDC021CA3C9CD005C6EE4 /* UIColor+Hexadecimal.m */; };
		423CDC411CA3C9CD005C6EE4 /* UIView+LayoutMethods.m in Sources */ = {isa = PBXBuildFile; fileRef = 423CDC041CA3C9CD005C6EE4 /* UIView+LayoutMethods.m */; };
		423CDC421CA3C9CD005C6EE4 /* UIViewController+HUD.m in Sources */ = {isa = PBXBuildFile; fileRef = 423CDC061CA3C9CD005C6EE4 /* UIViewController+HUD.m */; };
		423CDC431CA3C9CD005C6EE4 /* BaseViewController.m in Sources */ = {isa = PBXBuildFile; fileRef = 423CDC091CA3C9CD005C6EE4 /* BaseViewController.m */; };
		423CDC441CA3C9CD005C6EE4 /* LoginViewController.m in Sources */ = {isa = PBXBuildFile; fileRef = 423CDC0B1CA3C9CD005C6EE4 /* LoginViewController.m */; };
		423CDC451CA3C9CD005C6EE4 /* NavBaseViewController.m in Sources */ = {isa = PBXBuildFile; fileRef = 423CDC0D1CA3C9CD005C6EE4 /* NavBaseViewController.m */; };
		423CDC461CA3C9CD005C6EE4 /* RegisterViewController.m in Sources */ = {isa = PBXBuildFile; fileRef = 423CDC0F1CA3C9CD005C6EE4 /* RegisterViewController.m */; };
		423CDC471CA3C9CD005C6EE4 /* SecondLoginViewController.m in Sources */ = {isa = PBXBuildFile; fileRef = 423CDC111CA3C9CD005C6EE4 /* SecondLoginViewController.m */; };
		423CDC481CA3C9CD005C6EE4 /* WebViewController.m in Sources */ = {isa = PBXBuildFile; fileRef = 423CDC131CA3C9CD005C6EE4 /* WebViewController.m */; };
		423CDC491CA3C9CD005C6EE4 /* UserModel.m in Sources */ = {isa = PBXBuildFile; fileRef = 423CDC161CA3C9CD005C6EE4 /* UserModel.m */; };
		423CDC4A1CA3C9CD005C6EE4 /* DatabaseService.m in Sources */ = {isa = PBXBuildFile; fileRef = 423CDC191CA3C9CD005C6EE4 /* DatabaseService.m */; };
		423CDC4B1CA3C9CD005C6EE4 /* HttpService.m in Sources */ = {isa = PBXBuildFile; fileRef = 423CDC1B1CA3C9CD005C6EE4 /* HttpService.m */; };
		423CDC4C1CA3C9CD005C6EE4 /* UserService.m in Sources */ = {isa = PBXBuildFile; fileRef = 423CDC1D1CA3C9CD005C6EE4 /* UserService.m */; };
		423CDC531CA3C9CD005C6EE4 /* DeviceManager.m in Sources */ = {isa = PBXBuildFile; fileRef = 423CDC311CA3C9CD005C6EE4 /* DeviceManager.m */; };
		423CDC541CA3C9CD005C6EE4 /* ToolsManager.m in Sources */ = {isa = PBXBuildFile; fileRef = 423CDC351CA3C9CD005C6EE4 /* ToolsManager.m */; };
		423CDC551CA3C9CD005C6EE4 /* NavBar.m in Sources */ = {isa = PBXBuildFile; fileRef = 423CDC381CA3C9CD005C6EE4 /* NavBar.m */; };
		423CDC591CA3CB64005C6EE4 /* MainViewController.m in Sources */ = {isa = PBXBuildFile; fileRef = 423CDC581CA3CB64005C6EE4 /* MainViewController.m */; };
		423CDC5B1CA3CCB1005C6EE4 /* Global.plist in Resources */ = {isa = PBXBuildFile; fileRef = 423CDC5A1CA3CCB1005C6EE4 /* Global.plist */; };
		423CDC601CA3CE1E005C6EE4 /* RefreshTableView.m in Sources */ = {isa = PBXBuildFile; fileRef = 423CDC5D1CA3CE1E005C6EE4 /* RefreshTableView.m */; };
		423CDC611CA3CE1E005C6EE4 /* TabBarBtn.m in Sources */ = {isa = PBXBuildFile; fileRef = 423CDC5F1CA3CE1E005C6EE4 /* TabBarBtn.m */; };
		423CDC641CA3CF4B005C6EE4 /* RefreshViewController.m in Sources */ = {isa = PBXBuildFile; fileRef = 423CDC631CA3CF4B005C6EE4 /* RefreshViewController.m */; };
		423CDC771CA3CF79005C6EE4 /* EGORefreshTableFooterView.m in Sources */ = {isa = PBXBuildFile; fileRef = 423CDC681CA3CF79005C6EE4 /* EGORefreshTableFooterView.m */; };
		423CDC781CA3CF79005C6EE4 /* EGORefreshTableHeaderView.m in Sources */ = {isa = PBXBuildFile; fileRef = 423CDC6A1CA3CF79005C6EE4 /* EGORefreshTableHeaderView.m */; };
		423CDC791CA3CF79005C6EE4 /* blackArrow.png in Resources */ = {isa = PBXBuildFile; fileRef = 423CDC6C1CA3CF79005C6EE4 /* blackArrow.png */; };
		423CDC7A1CA3CF79005C6EE4 /* blackArrow@2x.png in Resources */ = {isa = PBXBuildFile; fileRef = 423CDC6D1CA3CF79005C6EE4 /* blackArrow@2x.png */; };
		423CDC7B1CA3CF79005C6EE4 /* blueArrow.png in Resources */ = {isa = PBXBuildFile; fileRef = 423CDC6E1CA3CF79005C6EE4 /* blueArrow.png */; };
		423CDC7C1CA3CF79005C6EE4 /* blueArrow@2x.png in Resources */ = {isa = PBXBuildFile; fileRef = 423CDC6F1CA3CF79005C6EE4 /* blueArrow@2x.png */; };
		423CDC7D1CA3CF79005C6EE4 /* grayArrow.png in Resources */ = {isa = PBXBuildFile; fileRef = 423CDC701CA3CF79005C6EE4 /* grayArrow.png */; };
		423CDC7E1CA3CF79005C6EE4 /* grayArrow@2x.png in Resources */ = {isa = PBXBuildFile; fileRef = 423CDC711CA3CF79005C6EE4 /* grayArrow@2x.png */; };
		423CDC7F1CA3CF79005C6EE4 /* whiteArrow.png in Resources */ = {isa = PBXBuildFile; fileRef = 423CDC731CA3CF79005C6EE4 /* whiteArrow.png */; };
		423CDC801CA3CF79005C6EE4 /* whiteArrow@2x.png in Resources */ = {isa = PBXBuildFile; fileRef = 423CDC741CA3CF79005C6EE4 /* whiteArrow@2x.png */; };
		423CDCA31CA3D2FD005C6EE4 /* shs.db in Resources */ = {isa = PBXBuildFile; fileRef = 423CDC841CA3D2FD005C6EE4 /* shs.db */; };
		423CDCC11CA3D836005C6EE4 /* SpecialViewController.m in Sources */ = {isa = PBXBuildFile; fileRef = 423CDCC01CA3D836005C6EE4 /* SpecialViewController.m */; };
		423CDCC41CA3D840005C6EE4 /* RecordViewController.m in Sources */ = {isa = PBXBuildFile; fileRef = 423CDCC31CA3D840005C6EE4 /* RecordViewController.m */; };
		423CDCC71CA3D85C005C6EE4 /* UserViewController.m in Sources */ = {isa = PBXBuildFile; fileRef = 423CDCC61CA3D85C005C6EE4 /* UserViewController.m */; };
		423CDCCA1CA3D863005C6EE4 /* ButlerViewController.m in Sources */ = {isa = PBXBuildFile; fileRef = 423CDCC91CA3D863005C6EE4 /* ButlerViewController.m */; };
		423CDCCE1CA3F37D005C6EE4 /* jpush-ios-2.1.0.a in Frameworks */ = {isa = PBXBuildFile; fileRef = 423CDCCC1CA3F37D005C6EE4 /* jpush-ios-2.1.0.a */; };
		423CDCD01CA3F553005C6EE4 /* CFNetwork.framework in Frameworks */ = {isa = PBXBuildFile; fileRef = 423CDCCF1CA3F553005C6EE4 /* CFNetwork.framework */; };
		423CDCD21CA3F55C005C6EE4 /* CoreFoundation.framework in Frameworks */ = {isa = PBXBuildFile; fileRef = 423CDCD11CA3F55C005C6EE4 /* CoreFoundation.framework */; };
		423CDCD41CA3F566005C6EE4 /* CoreTelephony.framework in Frameworks */ = {isa = PBXBuildFile; fileRef = 423CDCD31CA3F566005C6EE4 /* CoreTelephony.framework */; };
		423CDCD61CA3F56B005C6EE4 /* SystemConfiguration.framework in Frameworks */ = {isa = PBXBuildFile; fileRef = 423CDCD51CA3F56B005C6EE4 /* SystemConfiguration.framework */; };
		423CDCD81CA3F570005C6EE4 /* CoreGraphics.framework in Frameworks */ = {isa = PBXBuildFile; fileRef = 423CDCD71CA3F570005C6EE4 /* CoreGraphics.framework */; };
		423CDCDA1CA3F578005C6EE4 /* Foundation.framework in Frameworks */ = {isa = PBXBuildFile; fileRef = 423CDCD91CA3F578005C6EE4 /* Foundation.framework */; };
		423CDCDC1CA3F57D005C6EE4 /* UIKit.framework in Frameworks */ = {isa = PBXBuildFile; fileRef = 423CDCDB1CA3F57D005C6EE4 /* UIKit.framework */; };
		423CDCDE1CA3F582005C6EE4 /* Security.framework in Frameworks */ = {isa = PBXBuildFile; fileRef = 423CDCDD1CA3F582005C6EE4 /* Security.framework */; };
		423CDCE01CA3F589005C6EE4 /* libz.tbd in Frameworks */ = {isa = PBXBuildFile; fileRef = 423CDCDF1CA3F589005C6EE4 /* libz.tbd */; };
		423CDCE31CA403B6005C6EE4 /* PushService.m in Sources */ = {isa = PBXBuildFile; fileRef = 423CDCE21CA403B6005C6EE4 /* PushService.m */; };
		427644511CAE227C00F7C5BD /* MyCarsViewController.m in Sources */ = {isa = PBXBuildFile; fileRef = 427644501CAE227C00F7C5BD /* MyCarsViewController.m */; };
		427644541CAE267600F7C5BD /* ShopListViewController.m in Sources */ = {isa = PBXBuildFile; fileRef = 427644531CAE267600F7C5BD /* ShopListViewController.m */; };
		427644571CAE4ED600F7C5BD /* ShopModel.m in Sources */ = {isa = PBXBuildFile; fileRef = 427644561CAE4ED600F7C5BD /* ShopModel.m */; };
		4276445A1CAE5A1B00F7C5BD /* ShopCell.m in Sources */ = {isa = PBXBuildFile; fileRef = 427644591CAE5A1B00F7C5BD /* ShopCell.m */; };
		4276445D1CAE606000F7C5BD /* ShopViewController.m in Sources */ = {isa = PBXBuildFile; fileRef = 4276445C1CAE606000F7C5BD /* ShopViewController.m */; };
		427644631CAE6E5700F7C5BD /* TempServerViewController.m in Sources */ = {isa = PBXBuildFile; fileRef = 427644621CAE6E5700F7C5BD /* TempServerViewController.m */; };
		42D877371CB7618A000D0383 /* butler_normal@2x.png in Resources */ = {isa = PBXBuildFile; fileRef = 42D8772F1CB7618A000D0383 /* butler_normal@2x.png */; };
		42D877381CB7618A000D0383 /* butler_selected@2x.png in Resources */ = {isa = PBXBuildFile; fileRef = 42D877301CB7618A000D0383 /* butler_selected@2x.png */; };
		42D877391CB7618A000D0383 /* home_normal@2x.png in Resources */ = {isa = PBXBuildFile; fileRef = 42D877311CB7618A000D0383 /* home_normal@2x.png */; };
		42D8773A1CB7618A000D0383 /* home_selected@2x.png in Resources */ = {isa = PBXBuildFile; fileRef = 42D877321CB7618A000D0383 /* home_selected@2x.png */; };
		42D8773B1CB7618A000D0383 /* record_normal@2x.png in Resources */ = {isa = PBXBuildFile; fileRef = 42D877331CB7618A000D0383 /* record_normal@2x.png */; };
		42D8773C1CB7618A000D0383 /* record_selected@2x.png in Resources */ = {isa = PBXBuildFile; fileRef = 42D877341CB7618A000D0383 /* record_selected@2x.png */; };
		42D8773D1CB7618A000D0383 /* user_normal@2x.png in Resources */ = {isa = PBXBuildFile; fileRef = 42D877351CB7618A000D0383 /* user_normal@2x.png */; };
		42D8773E1CB7618A000D0383 /* user_selected@2x.png in Resources */ = {isa = PBXBuildFile; fileRef = 42D877361CB7618A000D0383 /* user_selected@2x.png */; };
		42D8774D1CB7A271000D0383 /* consult@2x.png in Resources */ = {isa = PBXBuildFile; fileRef = 42D8774A1CB7A271000D0383 /* consult@2x.png */; };
		42D8774E1CB7A271000D0383 /* repair@2x.png in Resources */ = {isa = PBXBuildFile; fileRef = 42D8774B1CB7A271000D0383 /* repair@2x.png */; };
		42D8774F1CB7A271000D0383 /* wash@2x.png in Resources */ = {isa = PBXBuildFile; fileRef = 42D8774C1CB7A271000D0383 /* wash@2x.png */; };
		42D8775C1CB7A90F000D0383 /* address@2x.png in Resources */ = {isa = PBXBuildFile; fileRef = 42D877531CB7A90F000D0383 /* address@2x.png */; };
		42D8775D1CB7A90F000D0383 /* back_btn@2x.png in Resources */ = {isa = PBXBuildFile; fileRef = 42D877541CB7A90F000D0383 /* back_btn@2x.png */; };
		42D8775E1CB7A90F000D0383 /* bell@2x.png in Resources */ = {isa = PBXBuildFile; fileRef = 42D877551CB7A90F000D0383 /* bell@2x.png */; };
		42D8775F1CB7A90F000D0383 /* global_back@2x.png in Resources */ = {isa = PBXBuildFile; fileRef = 42D877561CB7A90F000D0383 /* global_back@2x.png */; };
		42D877601CB7A90F000D0383 /* list@2x.png in Resources */ = {isa = PBXBuildFile; fileRef = 42D877571CB7A90F000D0383 /* list@2x.png */; };
		42D877611CB7A90F000D0383 /* right_arrow@2x.png in Resources */ = {isa = PBXBuildFile; fileRef = 42D877581CB7A90F000D0383 /* right_arrow@2x.png */; };
		42D877621CB7A90F000D0383 /* telephone@2x.png in Resources */ = {isa = PBXBuildFile; fileRef = 42D877591CB7A90F000D0383 /* telephone@2x.png */; };
		42D877631CB7A90F000D0383 /* ToastFinish@2x.png in Resources */ = {isa = PBXBuildFile; fileRef = 42D8775A1CB7A90F000D0383 /* ToastFinish@2x.png */; };
		42D877641CB7A90F000D0383 /* ToastWarn@2x.png in Resources */ = {isa = PBXBuildFile; fileRef = 42D8775B1CB7A90F000D0383 /* ToastWarn@2x.png */; };
		46A2B0AD17C406E6909567C9 /* libPods.a in Frameworks */ = {isa = PBXBuildFile; fileRef = 1895D25B0B198692723D9B0D /* libPods.a */; };
/* End PBXBuildFile section */

/* Begin PBXFileReference section */
		1895D25B0B198692723D9B0D /* libPods.a */ = {isa = PBXFileReference; explicitFileType = archive.ar; includeInIndex = 0; path = libPods.a; sourceTree = BUILT_PRODUCTS_DIR; };
		3188EAA0D91DFE09B254D945 /* Pods.release.xcconfig */ = {isa = PBXFileReference; includeInIndex = 1; lastKnownFileType = text.xcconfig; name = Pods.release.xcconfig; path = "Pods/Target Support Files/Pods/Pods.release.xcconfig"; sourceTree = "<group>"; };
		420004B41CB365BF00E944B9 /* LocationService.h */ = {isa = PBXFileReference; fileEncoding = 4; lastKnownFileType = sourcecode.c.h; path = LocationService.h; sourceTree = "<group>"; };
		420004B51CB365BF00E944B9 /* LocationService.m */ = {isa = PBXFileReference; fileEncoding = 4; lastKnownFileType = sourcecode.c.objc; path = LocationService.m; sourceTree = "<group>"; };
		4236435D1CAD229700546C5D /* Base */ = {isa = PBXFileReference; lastKnownFileType = text.plist.strings; name = Base; path = Base.lproj/Global.strings; sourceTree = "<group>"; };
		423CDBD61CA3C2DF005C6EE4 /* SHS_Global.app */ = {isa = PBXFileReference; explicitFileType = wrapper.application; includeInIndex = 0; path = SHS_Global.app; sourceTree = BUILT_PRODUCTS_DIR; };
		423CDBDA1CA3C2DF005C6EE4 /* main.m */ = {isa = PBXFileReference; lastKnownFileType = sourcecode.c.objc; path = main.m; sourceTree = "<group>"; };
		423CDBDC1CA3C2DF005C6EE4 /* AppDelegate.h */ = {isa = PBXFileReference; lastKnownFileType = sourcecode.c.h; path = AppDelegate.h; sourceTree = "<group>"; };
		423CDBDD1CA3C2DF005C6EE4 /* AppDelegate.m */ = {isa = PBXFileReference; lastKnownFileType = sourcecode.c.objc; path = AppDelegate.m; sourceTree = "<group>"; };
		423CDBDF1CA3C2DF005C6EE4 /* ViewController.h */ = {isa = PBXFileReference; lastKnownFileType = sourcecode.c.h; path = ViewController.h; sourceTree = "<group>"; };
		423CDBE01CA3C2DF005C6EE4 /* ViewController.m */ = {isa = PBXFileReference; lastKnownFileType = sourcecode.c.objc; path = ViewController.m; sourceTree = "<group>"; };
		423CDBE31CA3C2DF005C6EE4 /* Base */ = {isa = PBXFileReference; lastKnownFileType = file.storyboard; name = Base; path = Base.lproj/Main.storyboard; sourceTree = "<group>"; };
		423CDBE51CA3C2DF005C6EE4 /* Assets.xcassets */ = {isa = PBXFileReference; lastKnownFileType = folder.assetcatalog; path = Assets.xcassets; sourceTree = "<group>"; };
		423CDBE81CA3C2DF005C6EE4 /* Base */ = {isa = PBXFileReference; lastKnownFileType = file.storyboard; name = Base; path = Base.lproj/LaunchScreen.storyboard; sourceTree = "<group>"; };
		423CDBEA1CA3C2DF005C6EE4 /* Info.plist */ = {isa = PBXFileReference; lastKnownFileType = text.plist.xml; path = Info.plist; sourceTree = "<group>"; };
		423CDBF21CA3C9CD005C6EE4 /* CustomButton.h */ = {isa = PBXFileReference; fileEncoding = 4; lastKnownFileType = sourcecode.c.h; path = CustomButton.h; sourceTree = "<group>"; };
		423CDBF31CA3C9CD005C6EE4 /* CustomButton.m */ = {isa = PBXFileReference; fileEncoding = 4; lastKnownFileType = sourcecode.c.objc; path = CustomButton.m; sourceTree = "<group>"; };
		423CDBF41CA3C9CD005C6EE4 /* CustomImageView.h */ = {isa = PBXFileReference; fileEncoding = 4; lastKnownFileType = sourcecode.c.h; path = CustomImageView.h; sourceTree = "<group>"; };
		423CDBF51CA3C9CD005C6EE4 /* CustomImageView.m */ = {isa = PBXFileReference; fileEncoding = 4; lastKnownFileType = sourcecode.c.objc; path = CustomImageView.m; sourceTree = "<group>"; };
		423CDBF61CA3C9CD005C6EE4 /* CustomLabel.h */ = {isa = PBXFileReference; fileEncoding = 4; lastKnownFileType = sourcecode.c.h; path = CustomLabel.h; sourceTree = "<group>"; };
		423CDBF71CA3C9CD005C6EE4 /* CustomLabel.m */ = {isa = PBXFileReference; fileEncoding = 4; lastKnownFileType = sourcecode.c.objc; path = CustomLabel.m; sourceTree = "<group>"; };
		423CDBF81CA3C9CD005C6EE4 /* CustomTextField.h */ = {isa = PBXFileReference; fileEncoding = 4; lastKnownFileType = sourcecode.c.h; path = CustomTextField.h; sourceTree = "<group>"; };
		423CDBF91CA3C9CD005C6EE4 /* CustomTextField.m */ = {isa = PBXFileReference; fileEncoding = 4; lastKnownFileType = sourcecode.c.objc; path = CustomTextField.m; sourceTree = "<group>"; };
		423CDBFA1CA3C9CD005C6EE4 /* PlaceHolderTextView.h */ = {isa = PBXFileReference; fileEncoding = 4; lastKnownFileType = sourcecode.c.h; path = PlaceHolderTextView.h; sourceTree = "<group>"; };
		423CDBFB1CA3C9CD005C6EE4 /* PlaceHolderTextView.m */ = {isa = PBXFileReference; fileEncoding = 4; lastKnownFileType = sourcecode.c.objc; path = PlaceHolderTextView.m; sourceTree = "<group>"; };
		423CDBFD1CA3C9CD005C6EE4 /* NSString+Encrypt.h */ = {isa = PBXFileReference; fileEncoding = 4; lastKnownFileType = sourcecode.c.h; path = "NSString+Encrypt.h"; sourceTree = "<group>"; };
		423CDBFE1CA3C9CD005C6EE4 /* NSString+Encrypt.m */ = {isa = PBXFileReference; fileEncoding = 4; lastKnownFileType = sourcecode.c.objc; path = "NSString+Encrypt.m"; sourceTree = "<group>"; };
		423CDBFF1CA3C9CD005C6EE4 /* NSString+Expand.h */ = {isa = PBXFileReference; fileEncoding = 4; lastKnownFileType = sourcecode.c.h; path = "NSString+Expand.h"; sourceTree = "<group>"; };
		423CDC001CA3C9CD005C6EE4 /* NSString+Expand.m */ = {isa = PBXFileReference; fileEncoding = 4; lastKnownFileType = sourcecode.c.objc; path = "NSString+Expand.m"; sourceTree = "<group>"; };
		423CDC011CA3C9CD005C6EE4 /* UIColor+Hexadecimal.h */ = {isa = PBXFileReference; fileEncoding = 4; lastKnownFileType = sourcecode.c.h; path = "UIColor+Hexadecimal.h"; sourceTree = "<group>"; };
		423CDC021CA3C9CD005C6EE4 /* UIColor+Hexadecimal.m */ = {isa = PBXFileReference; fileEncoding = 4; lastKnownFileType = sourcecode.c.objc; path = "UIColor+Hexadecimal.m"; sourceTree = "<group>"; };
		423CDC031CA3C9CD005C6EE4 /* UIView+LayoutMethods.h */ = {isa = PBXFileReference; fileEncoding = 4; lastKnownFileType = sourcecode.c.h; path = "UIView+LayoutMethods.h"; sourceTree = "<group>"; };
		423CDC041CA3C9CD005C6EE4 /* UIView+LayoutMethods.m */ = {isa = PBXFileReference; fileEncoding = 4; lastKnownFileType = sourcecode.c.objc; path = "UIView+LayoutMethods.m"; sourceTree = "<group>"; };
		423CDC051CA3C9CD005C6EE4 /* UIViewController+HUD.h */ = {isa = PBXFileReference; fileEncoding = 4; lastKnownFileType = sourcecode.c.h; path = "UIViewController+HUD.h"; sourceTree = "<group>"; };
		423CDC061CA3C9CD005C6EE4 /* UIViewController+HUD.m */ = {isa = PBXFileReference; fileEncoding = 4; lastKnownFileType = sourcecode.c.objc; path = "UIViewController+HUD.m"; sourceTree = "<group>"; };
		423CDC081CA3C9CD005C6EE4 /* BaseViewController.h */ = {isa = PBXFileReference; fileEncoding = 4; lastKnownFileType = sourcecode.c.h; path = BaseViewController.h; sourceTree = "<group>"; };
		423CDC091CA3C9CD005C6EE4 /* BaseViewController.m */ = {isa = PBXFileReference; fileEncoding = 4; lastKnownFileType = sourcecode.c.objc; path = BaseViewController.m; sourceTree = "<group>"; };
		423CDC0A1CA3C9CD005C6EE4 /* LoginViewController.h */ = {isa = PBXFileReference; fileEncoding = 4; lastKnownFileType = sourcecode.c.h; path = LoginViewController.h; sourceTree = "<group>"; };
		423CDC0B1CA3C9CD005C6EE4 /* LoginViewController.m */ = {isa = PBXFileReference; fileEncoding = 4; lastKnownFileType = sourcecode.c.objc; path = LoginViewController.m; sourceTree = "<group>"; };
		423CDC0C1CA3C9CD005C6EE4 /* NavBaseViewController.h */ = {isa = PBXFileReference; fileEncoding = 4; lastKnownFileType = sourcecode.c.h; path = NavBaseViewController.h; sourceTree = "<group>"; };
		423CDC0D1CA3C9CD005C6EE4 /* NavBaseViewController.m */ = {isa = PBXFileReference; fileEncoding = 4; lastKnownFileType = sourcecode.c.objc; path = NavBaseViewController.m; sourceTree = "<group>"; };
		423CDC0E1CA3C9CD005C6EE4 /* RegisterViewController.h */ = {isa = PBXFileReference; fileEncoding = 4; lastKnownFileType = sourcecode.c.h; path = RegisterViewController.h; sourceTree = "<group>"; };
		423CDC0F1CA3C9CD005C6EE4 /* RegisterViewController.m */ = {isa = PBXFileReference; fileEncoding = 4; lastKnownFileType = sourcecode.c.objc; path = RegisterViewController.m; sourceTree = "<group>"; };
		423CDC101CA3C9CD005C6EE4 /* SecondLoginViewController.h */ = {isa = PBXFileReference; fileEncoding = 4; lastKnownFileType = sourcecode.c.h; path = SecondLoginViewController.h; sourceTree = "<group>"; };
		423CDC111CA3C9CD005C6EE4 /* SecondLoginViewController.m */ = {isa = PBXFileReference; fileEncoding = 4; lastKnownFileType = sourcecode.c.objc; path = SecondLoginViewController.m; sourceTree = "<group>"; };
		423CDC121CA3C9CD005C6EE4 /* WebViewController.h */ = {isa = PBXFileReference; fileEncoding = 4; lastKnownFileType = sourcecode.c.h; path = WebViewController.h; sourceTree = "<group>"; };
		423CDC131CA3C9CD005C6EE4 /* WebViewController.m */ = {isa = PBXFileReference; fileEncoding = 4; lastKnownFileType = sourcecode.c.objc; path = WebViewController.m; sourceTree = "<group>"; };
		423CDC151CA3C9CD005C6EE4 /* UserModel.h */ = {isa = PBXFileReference; fileEncoding = 4; lastKnownFileType = sourcecode.c.h; path = UserModel.h; sourceTree = "<group>"; };
		423CDC161CA3C9CD005C6EE4 /* UserModel.m */ = {isa = PBXFileReference; fileEncoding = 4; lastKnownFileType = sourcecode.c.objc; path = UserModel.m; sourceTree = "<group>"; };
		423CDC181CA3C9CD005C6EE4 /* DatabaseService.h */ = {isa = PBXFileReference; fileEncoding = 4; lastKnownFileType = sourcecode.c.h; path = DatabaseService.h; sourceTree = "<group>"; };
		423CDC191CA3C9CD005C6EE4 /* DatabaseService.m */ = {isa = PBXFileReference; fileEncoding = 4; lastKnownFileType = sourcecode.c.objc; path = DatabaseService.m; sourceTree = "<group>"; };
		423CDC1A1CA3C9CD005C6EE4 /* HttpService.h */ = {isa = PBXFileReference; fileEncoding = 4; lastKnownFileType = sourcecode.c.h; path = HttpService.h; sourceTree = "<group>"; };
		423CDC1B1CA3C9CD005C6EE4 /* HttpService.m */ = {isa = PBXFileReference; fileEncoding = 4; lastKnownFileType = sourcecode.c.objc; path = HttpService.m; sourceTree = "<group>"; };
		423CDC1C1CA3C9CD005C6EE4 /* UserService.h */ = {isa = PBXFileReference; fileEncoding = 4; lastKnownFileType = sourcecode.c.h; path = UserService.h; sourceTree = "<group>"; };
		423CDC1D1CA3C9CD005C6EE4 /* UserService.m */ = {isa = PBXFileReference; fileEncoding = 4; lastKnownFileType = sourcecode.c.objc; path = UserService.m; sourceTree = "<group>"; };
		423CDC2F1CA3C9CD005C6EE4 /* Colors.h */ = {isa = PBXFileReference; fileEncoding = 4; lastKnownFileType = sourcecode.c.h; path = Colors.h; sourceTree = "<group>"; };
		423CDC301CA3C9CD005C6EE4 /* DeviceManager.h */ = {isa = PBXFileReference; fileEncoding = 4; lastKnownFileType = sourcecode.c.h; path = DeviceManager.h; sourceTree = "<group>"; };
		423CDC311CA3C9CD005C6EE4 /* DeviceManager.m */ = {isa = PBXFileReference; fileEncoding = 4; lastKnownFileType = sourcecode.c.objc; path = DeviceManager.m; sourceTree = "<group>"; };
		423CDC321CA3C9CD005C6EE4 /* Interface.h */ = {isa = PBXFileReference; fileEncoding = 4; lastKnownFileType = sourcecode.c.h; path = Interface.h; sourceTree = "<group>"; };
		423CDC331CA3C9CD005C6EE4 /* JLXCFont.h */ = {isa = PBXFileReference; fileEncoding = 4; lastKnownFileType = sourcecode.c.h; path = JLXCFont.h; sourceTree = "<group>"; };
		423CDC341CA3C9CD005C6EE4 /* ToolsManager.h */ = {isa = PBXFileReference; fileEncoding = 4; lastKnownFileType = sourcecode.c.h; path = ToolsManager.h; sourceTree = "<group>"; };
		423CDC351CA3C9CD005C6EE4 /* ToolsManager.m */ = {isa = PBXFileReference; fileEncoding = 4; lastKnownFileType = sourcecode.c.objc; path = ToolsManager.m; sourceTree = "<group>"; };
		423CDC371CA3C9CD005C6EE4 /* NavBar.h */ = {isa = PBXFileReference; fileEncoding = 4; lastKnownFileType = sourcecode.c.h; path = NavBar.h; sourceTree = "<group>"; };
		423CDC381CA3C9CD005C6EE4 /* NavBar.m */ = {isa = PBXFileReference; fileEncoding = 4; lastKnownFileType = sourcecode.c.objc; path = NavBar.m; sourceTree = "<group>"; };
		423CDC561CA3C9D6005C6EE4 /* PrefixHeader.pch */ = {isa = PBXFileReference; fileEncoding = 4; lastKnownFileType = sourcecode.c.h; path = PrefixHeader.pch; sourceTree = "<group>"; };
		423CDC571CA3CB64005C6EE4 /* MainViewController.h */ = {isa = PBXFileReference; fileEncoding = 4; lastKnownFileType = sourcecode.c.h; path = MainViewController.h; sourceTree = "<group>"; };
		423CDC581CA3CB64005C6EE4 /* MainViewController.m */ = {isa = PBXFileReference; fileEncoding = 4; lastKnownFileType = sourcecode.c.objc; path = MainViewController.m; sourceTree = "<group>"; };
		423CDC5A1CA3CCB1005C6EE4 /* Global.plist */ = {isa = PBXFileReference; fileEncoding = 4; lastKnownFileType = text.plist.xml; path = Global.plist; sourceTree = "<group>"; };
		423CDC5C1CA3CE1E005C6EE4 /* RefreshTableView.h */ = {isa = PBXFileReference; fileEncoding = 4; lastKnownFileType = sourcecode.c.h; path = RefreshTableView.h; sourceTree = "<group>"; };
		423CDC5D1CA3CE1E005C6EE4 /* RefreshTableView.m */ = {isa = PBXFileReference; fileEncoding = 4; lastKnownFileType = sourcecode.c.objc; path = RefreshTableView.m; sourceTree = "<group>"; };
		423CDC5E1CA3CE1E005C6EE4 /* TabBarBtn.h */ = {isa = PBXFileReference; fileEncoding = 4; lastKnownFileType = sourcecode.c.h; path = TabBarBtn.h; sourceTree = "<group>"; };
		423CDC5F1CA3CE1E005C6EE4 /* TabBarBtn.m */ = {isa = PBXFileReference; fileEncoding = 4; lastKnownFileType = sourcecode.c.objc; path = TabBarBtn.m; sourceTree = "<group>"; };
		423CDC621CA3CF4B005C6EE4 /* RefreshViewController.h */ = {isa = PBXFileReference; fileEncoding = 4; lastKnownFileType = sourcecode.c.h; path = RefreshViewController.h; sourceTree = "<group>"; };
		423CDC631CA3CF4B005C6EE4 /* RefreshViewController.m */ = {isa = PBXFileReference; fileEncoding = 4; lastKnownFileType = sourcecode.c.objc; path = RefreshViewController.m; sourceTree = "<group>"; };
		423CDC671CA3CF79005C6EE4 /* EGORefreshTableFooterView.h */ = {isa = PBXFileReference; fileEncoding = 4; lastKnownFileType = sourcecode.c.h; path = EGORefreshTableFooterView.h; sourceTree = "<group>"; };
		423CDC681CA3CF79005C6EE4 /* EGORefreshTableFooterView.m */ = {isa = PBXFileReference; fileEncoding = 4; lastKnownFileType = sourcecode.c.objc; path = EGORefreshTableFooterView.m; sourceTree = "<group>"; };
		423CDC691CA3CF79005C6EE4 /* EGORefreshTableHeaderView.h */ = {isa = PBXFileReference; fileEncoding = 4; lastKnownFileType = sourcecode.c.h; path = EGORefreshTableHeaderView.h; sourceTree = "<group>"; };
		423CDC6A1CA3CF79005C6EE4 /* EGORefreshTableHeaderView.m */ = {isa = PBXFileReference; fileEncoding = 4; lastKnownFileType = sourcecode.c.objc; path = EGORefreshTableHeaderView.m; sourceTree = "<group>"; };
		423CDC6C1CA3CF79005C6EE4 /* blackArrow.png */ = {isa = PBXFileReference; lastKnownFileType = image.png; path = blackArrow.png; sourceTree = "<group>"; };
		423CDC6D1CA3CF79005C6EE4 /* blackArrow@2x.png */ = {isa = PBXFileReference; lastKnownFileType = image.png; path = "blackArrow@2x.png"; sourceTree = "<group>"; };
		423CDC6E1CA3CF79005C6EE4 /* blueArrow.png */ = {isa = PBXFileReference; lastKnownFileType = image.png; path = blueArrow.png; sourceTree = "<group>"; };
		423CDC6F1CA3CF79005C6EE4 /* blueArrow@2x.png */ = {isa = PBXFileReference; lastKnownFileType = image.png; path = "blueArrow@2x.png"; sourceTree = "<group>"; };
		423CDC701CA3CF79005C6EE4 /* grayArrow.png */ = {isa = PBXFileReference; lastKnownFileType = image.png; path = grayArrow.png; sourceTree = "<group>"; };
		423CDC711CA3CF79005C6EE4 /* grayArrow@2x.png */ = {isa = PBXFileReference; lastKnownFileType = image.png; path = "grayArrow@2x.png"; sourceTree = "<group>"; };
		423CDC731CA3CF79005C6EE4 /* whiteArrow.png */ = {isa = PBXFileReference; lastKnownFileType = image.png; path = whiteArrow.png; sourceTree = "<group>"; };
		423CDC741CA3CF79005C6EE4 /* whiteArrow@2x.png */ = {isa = PBXFileReference; lastKnownFileType = image.png; path = "whiteArrow@2x.png"; sourceTree = "<group>"; };
		423CDC751CA3CF79005C6EE4 /* EGOViewCommon.h */ = {isa = PBXFileReference; fileEncoding = 4; lastKnownFileType = sourcecode.c.h; path = EGOViewCommon.h; sourceTree = "<group>"; };
		423CDC841CA3D2FD005C6EE4 /* shs.db */ = {isa = PBXFileReference; lastKnownFileType = file; path = shs.db; sourceTree = "<group>"; };
		423CDCBF1CA3D836005C6EE4 /* SpecialViewController.h */ = {isa = PBXFileReference; fileEncoding = 4; lastKnownFileType = sourcecode.c.h; path = SpecialViewController.h; sourceTree = "<group>"; };
		423CDCC01CA3D836005C6EE4 /* SpecialViewController.m */ = {isa = PBXFileReference; fileEncoding = 4; lastKnownFileType = sourcecode.c.objc; path = SpecialViewController.m; sourceTree = "<group>"; };
		423CDCC21CA3D840005C6EE4 /* RecordViewController.h */ = {isa = PBXFileReference; fileEncoding = 4; lastKnownFileType = sourcecode.c.h; path = RecordViewController.h; sourceTree = "<group>"; };
		423CDCC31CA3D840005C6EE4 /* RecordViewController.m */ = {isa = PBXFileReference; fileEncoding = 4; lastKnownFileType = sourcecode.c.objc; path = RecordViewController.m; sourceTree = "<group>"; };
		423CDCC51CA3D85C005C6EE4 /* UserViewController.h */ = {isa = PBXFileReference; fileEncoding = 4; lastKnownFileType = sourcecode.c.h; path = UserViewController.h; sourceTree = "<group>"; };
		423CDCC61CA3D85C005C6EE4 /* UserViewController.m */ = {isa = PBXFileReference; fileEncoding = 4; lastKnownFileType = sourcecode.c.objc; path = UserViewController.m; sourceTree = "<group>"; };
		423CDCC81CA3D863005C6EE4 /* ButlerViewController.h */ = {isa = PBXFileReference; fileEncoding = 4; lastKnownFileType = sourcecode.c.h; path = ButlerViewController.h; sourceTree = "<group>"; };
		423CDCC91CA3D863005C6EE4 /* ButlerViewController.m */ = {isa = PBXFileReference; fileEncoding = 4; lastKnownFileType = sourcecode.c.objc; path = ButlerViewController.m; sourceTree = "<group>"; };
		423CDCCC1CA3F37D005C6EE4 /* jpush-ios-2.1.0.a */ = {isa = PBXFileReference; lastKnownFileType = archive.ar; path = "jpush-ios-2.1.0.a"; sourceTree = "<group>"; };
		423CDCCD1CA3F37D005C6EE4 /* JPUSHService.h */ = {isa = PBXFileReference; fileEncoding = 4; lastKnownFileType = sourcecode.c.h; path = JPUSHService.h; sourceTree = "<group>"; };
		423CDCCF1CA3F553005C6EE4 /* CFNetwork.framework */ = {isa = PBXFileReference; lastKnownFileType = wrapper.framework; name = CFNetwork.framework; path = System/Library/Frameworks/CFNetwork.framework; sourceTree = SDKROOT; };
		423CDCD11CA3F55C005C6EE4 /* CoreFoundation.framework */ = {isa = PBXFileReference; lastKnownFileType = wrapper.framework; name = CoreFoundation.framework; path = System/Library/Frameworks/CoreFoundation.framework; sourceTree = SDKROOT; };
		423CDCD31CA3F566005C6EE4 /* CoreTelephony.framework */ = {isa = PBXFileReference; lastKnownFileType = wrapper.framework; name = CoreTelephony.framework; path = System/Library/Frameworks/CoreTelephony.framework; sourceTree = SDKROOT; };
		423CDCD51CA3F56B005C6EE4 /* SystemConfiguration.framework */ = {isa = PBXFileReference; lastKnownFileType = wrapper.framework; name = SystemConfiguration.framework; path = System/Library/Frameworks/SystemConfiguration.framework; sourceTree = SDKROOT; };
		423CDCD71CA3F570005C6EE4 /* CoreGraphics.framework */ = {isa = PBXFileReference; lastKnownFileType = wrapper.framework; name = CoreGraphics.framework; path = System/Library/Frameworks/CoreGraphics.framework; sourceTree = SDKROOT; };
		423CDCD91CA3F578005C6EE4 /* Foundation.framework */ = {isa = PBXFileReference; lastKnownFileType = wrapper.framework; name = Foundation.framework; path = System/Library/Frameworks/Foundation.framework; sourceTree = SDKROOT; };
		423CDCDB1CA3F57D005C6EE4 /* UIKit.framework */ = {isa = PBXFileReference; lastKnownFileType = wrapper.framework; name = UIKit.framework; path = System/Library/Frameworks/UIKit.framework; sourceTree = SDKROOT; };
		423CDCDD1CA3F582005C6EE4 /* Security.framework */ = {isa = PBXFileReference; lastKnownFileType = wrapper.framework; name = Security.framework; path = System/Library/Frameworks/Security.framework; sourceTree = SDKROOT; };
		423CDCDF1CA3F589005C6EE4 /* libz.tbd */ = {isa = PBXFileReference; lastKnownFileType = "sourcecode.text-based-dylib-definition"; name = libz.tbd; path = usr/lib/libz.tbd; sourceTree = SDKROOT; };
		423CDCE11CA403B6005C6EE4 /* PushService.h */ = {isa = PBXFileReference; fileEncoding = 4; lastKnownFileType = sourcecode.c.h; path = PushService.h; sourceTree = "<group>"; };
		423CDCE21CA403B6005C6EE4 /* PushService.m */ = {isa = PBXFileReference; fileEncoding = 4; lastKnownFileType = sourcecode.c.objc; path = PushService.m; sourceTree = "<group>"; };
		4276444F1CAE227C00F7C5BD /* MyCarsViewController.h */ = {isa = PBXFileReference; fileEncoding = 4; lastKnownFileType = sourcecode.c.h; path = MyCarsViewController.h; sourceTree = "<group>"; };
		427644501CAE227C00F7C5BD /* MyCarsViewController.m */ = {isa = PBXFileReference; fileEncoding = 4; lastKnownFileType = sourcecode.c.objc; path = MyCarsViewController.m; sourceTree = "<group>"; };
		427644521CAE267600F7C5BD /* ShopListViewController.h */ = {isa = PBXFileReference; fileEncoding = 4; lastKnownFileType = sourcecode.c.h; path = ShopListViewController.h; sourceTree = "<group>"; };
		427644531CAE267600F7C5BD /* ShopListViewController.m */ = {isa = PBXFileReference; fileEncoding = 4; lastKnownFileType = sourcecode.c.objc; path = ShopListViewController.m; sourceTree = "<group>"; };
		427644551CAE4ED600F7C5BD /* ShopModel.h */ = {isa = PBXFileReference; fileEncoding = 4; lastKnownFileType = sourcecode.c.h; path = ShopModel.h; sourceTree = "<group>"; };
		427644561CAE4ED600F7C5BD /* ShopModel.m */ = {isa = PBXFileReference; fileEncoding = 4; lastKnownFileType = sourcecode.c.objc; path = ShopModel.m; sourceTree = "<group>"; };
		427644581CAE5A1B00F7C5BD /* ShopCell.h */ = {isa = PBXFileReference; fileEncoding = 4; lastKnownFileType = sourcecode.c.h; path = ShopCell.h; sourceTree = "<group>"; };
		427644591CAE5A1B00F7C5BD /* ShopCell.m */ = {isa = PBXFileReference; fileEncoding = 4; lastKnownFileType = sourcecode.c.objc; path = ShopCell.m; sourceTree = "<group>"; };
		4276445B1CAE606000F7C5BD /* ShopViewController.h */ = {isa = PBXFileReference; fileEncoding = 4; lastKnownFileType = sourcecode.c.h; path = ShopViewController.h; sourceTree = "<group>"; };
		4276445C1CAE606000F7C5BD /* ShopViewController.m */ = {isa = PBXFileReference; fileEncoding = 4; lastKnownFileType = sourcecode.c.objc; path = ShopViewController.m; sourceTree = "<group>"; };
		427644611CAE6E5700F7C5BD /* TempServerViewController.h */ = {isa = PBXFileReference; fileEncoding = 4; lastKnownFileType = sourcecode.c.h; path = TempServerViewController.h; sourceTree = "<group>"; };
		427644621CAE6E5700F7C5BD /* TempServerViewController.m */ = {isa = PBXFileReference; fileEncoding = 4; lastKnownFileType = sourcecode.c.objc; path = TempServerViewController.m; sourceTree = "<group>"; };
		42D8772F1CB7618A000D0383 /* butler_normal@2x.png */ = {isa = PBXFileReference; lastKnownFileType = image.png; path = "butler_normal@2x.png"; sourceTree = "<group>"; };
		42D877301CB7618A000D0383 /* butler_selected@2x.png */ = {isa = PBXFileReference; lastKnownFileType = image.png; path = "butler_selected@2x.png"; sourceTree = "<group>"; };
		42D877311CB7618A000D0383 /* home_normal@2x.png */ = {isa = PBXFileReference; lastKnownFileType = image.png; path = "home_normal@2x.png"; sourceTree = "<group>"; };
		42D877321CB7618A000D0383 /* home_selected@2x.png */ = {isa = PBXFileReference; lastKnownFileType = image.png; path = "home_selected@2x.png"; sourceTree = "<group>"; };
		42D877331CB7618A000D0383 /* record_normal@2x.png */ = {isa = PBXFileReference; lastKnownFileType = image.png; path = "record_normal@2x.png"; sourceTree = "<group>"; };
		42D877341CB7618A000D0383 /* record_selected@2x.png */ = {isa = PBXFileReference; lastKnownFileType = image.png; path = "record_selected@2x.png"; sourceTree = "<group>"; };
		42D877351CB7618A000D0383 /* user_normal@2x.png */ = {isa = PBXFileReference; lastKnownFileType = image.png; path = "user_normal@2x.png"; sourceTree = "<group>"; };
		42D877361CB7618A000D0383 /* user_selected@2x.png */ = {isa = PBXFileReference; lastKnownFileType = image.png; path = "user_selected@2x.png"; sourceTree = "<group>"; };
		42D8774A1CB7A271000D0383 /* consult@2x.png */ = {isa = PBXFileReference; lastKnownFileType = image.png; path = "consult@2x.png"; sourceTree = "<group>"; };
		42D8774B1CB7A271000D0383 /* repair@2x.png */ = {isa = PBXFileReference; lastKnownFileType = image.png; path = "repair@2x.png"; sourceTree = "<group>"; };
		42D8774C1CB7A271000D0383 /* wash@2x.png */ = {isa = PBXFileReference; lastKnownFileType = image.png; path = "wash@2x.png"; sourceTree = "<group>"; };
		42D877531CB7A90F000D0383 /* address@2x.png */ = {isa = PBXFileReference; lastKnownFileType = image.png; path = "address@2x.png"; sourceTree = "<group>"; };
		42D877541CB7A90F000D0383 /* back_btn@2x.png */ = {isa = PBXFileReference; lastKnownFileType = image.png; path = "back_btn@2x.png"; sourceTree = "<group>"; };
		42D877551CB7A90F000D0383 /* bell@2x.png */ = {isa = PBXFileReference; lastKnownFileType = image.png; path = "bell@2x.png"; sourceTree = "<group>"; };
		42D877561CB7A90F000D0383 /* global_back@2x.png */ = {isa = PBXFileReference; lastKnownFileType = image.png; path = "global_back@2x.png"; sourceTree = "<group>"; };
		42D877571CB7A90F000D0383 /* list@2x.png */ = {isa = PBXFileReference; lastKnownFileType = image.png; path = "list@2x.png"; sourceTree = "<group>"; };
		42D877581CB7A90F000D0383 /* right_arrow@2x.png */ = {isa = PBXFileReference; lastKnownFileType = image.png; path = "right_arrow@2x.png"; sourceTree = "<group>"; };
		42D877591CB7A90F000D0383 /* telephone@2x.png */ = {isa = PBXFileReference; lastKnownFileType = image.png; path = "telephone@2x.png"; sourceTree = "<group>"; };
		42D8775A1CB7A90F000D0383 /* ToastFinish@2x.png */ = {isa = PBXFileReference; lastKnownFileType = image.png; path = "ToastFinish@2x.png"; sourceTree = "<group>"; };
		42D8775B1CB7A90F000D0383 /* ToastWarn@2x.png */ = {isa = PBXFileReference; lastKnownFileType = image.png; path = "ToastWarn@2x.png"; sourceTree = "<group>"; };
		969EC8756D8BF4722DF17B5D /* Pods.debug.xcconfig */ = {isa = PBXFileReference; includeInIndex = 1; lastKnownFileType = text.xcconfig; name = Pods.debug.xcconfig; path = "Pods/Target Support Files/Pods/Pods.debug.xcconfig"; sourceTree = "<group>"; };
/* End PBXFileReference section */

/* Begin PBXFrameworksBuildPhase section */
		423CDBD31CA3C2DF005C6EE4 /* Frameworks */ = {
			isa = PBXFrameworksBuildPhase;
			buildActionMask = 2147483647;
			files = (
				423CDCE01CA3F589005C6EE4 /* libz.tbd in Frameworks */,
				423CDCDE1CA3F582005C6EE4 /* Security.framework in Frameworks */,
				423CDCDC1CA3F57D005C6EE4 /* UIKit.framework in Frameworks */,
				423CDCDA1CA3F578005C6EE4 /* Foundation.framework in Frameworks */,
				423CDCD81CA3F570005C6EE4 /* CoreGraphics.framework in Frameworks */,
				423CDCD61CA3F56B005C6EE4 /* SystemConfiguration.framework in Frameworks */,
				423CDCD41CA3F566005C6EE4 /* CoreTelephony.framework in Frameworks */,
				423CDCD21CA3F55C005C6EE4 /* CoreFoundation.framework in Frameworks */,
				423CDCD01CA3F553005C6EE4 /* CFNetwork.framework in Frameworks */,
				423CDCCE1CA3F37D005C6EE4 /* jpush-ios-2.1.0.a in Frameworks */,
				46A2B0AD17C406E6909567C9 /* libPods.a in Frameworks */,
			);
			runOnlyForDeploymentPostprocessing = 0;
		};
/* End PBXFrameworksBuildPhase section */

/* Begin PBXGroup section */
		423643591CAD21FF00546C5D /* Helper */ = {
			isa = PBXGroup;
			children = (
			);
			path = Helper;
			sourceTree = "<group>";
		};
		423CDBCD1CA3C2DF005C6EE4 = {
			isa = PBXGroup;
			children = (
				423CDBD81CA3C2DF005C6EE4 /* SHS_Global */,
				423CDBD71CA3C2DF005C6EE4 /* Products */,
				693AE484AEEBE7AE3020D1AF /* Pods */,
				AF7761D46E078DAA58D066DA /* Frameworks */,
			);
			sourceTree = "<group>";
		};
		423CDBD71CA3C2DF005C6EE4 /* Products */ = {
			isa = PBXGroup;
			children = (
				423CDBD61CA3C2DF005C6EE4 /* SHS_Global.app */,
			);
			name = Products;
			sourceTree = "<group>";
		};
		423CDBD81CA3C2DF005C6EE4 /* SHS_Global */ = {
			isa = PBXGroup;
			children = (
				423CDC821CA3D2FD005C6EE4 /* Resource */,
				423CDBF01CA3C9CD005C6EE4 /* App */,
				423CDBDC1CA3C2DF005C6EE4 /* AppDelegate.h */,
				423CDBDD1CA3C2DF005C6EE4 /* AppDelegate.m */,
				423CDBDF1CA3C2DF005C6EE4 /* ViewController.h */,
				423CDBE01CA3C2DF005C6EE4 /* ViewController.m */,
				423CDBE21CA3C2DF005C6EE4 /* Main.storyboard */,
				423CDBE51CA3C2DF005C6EE4 /* Assets.xcassets */,
				423CDBE71CA3C2DF005C6EE4 /* LaunchScreen.storyboard */,
				423CDBEA1CA3C2DF005C6EE4 /* Info.plist */,
				423CDBD91CA3C2DF005C6EE4 /* Supporting Files */,
			);
			path = SHS_Global;
			sourceTree = "<group>";
		};
		423CDBD91CA3C2DF005C6EE4 /* Supporting Files */ = {
			isa = PBXGroup;
			children = (
				423CDC5A1CA3CCB1005C6EE4 /* Global.plist */,
				423CDC561CA3C9D6005C6EE4 /* PrefixHeader.pch */,
				423CDBDA1CA3C2DF005C6EE4 /* main.m */,
				4236435E1CAD229700546C5D /* Global.strings */,
			);
			name = "Supporting Files";
			sourceTree = "<group>";
		};
		423CDBF01CA3C9CD005C6EE4 /* App */ = {
			isa = PBXGroup;
			children = (
				423643591CAD21FF00546C5D /* Helper */,
				423CDBF11CA3C9CD005C6EE4 /* BaseWidget */,
				423CDBFC1CA3C9CD005C6EE4 /* Category */,
				423CDC071CA3C9CD005C6EE4 /* Controller */,
				423CDC141CA3C9CD005C6EE4 /* Model */,
				423CDC171CA3C9CD005C6EE4 /* Service */,
				423CDC1E1CA3C9CD005C6EE4 /* ThirdParty */,
				423CDC2E1CA3C9CD005C6EE4 /* Utils */,
				423CDC361CA3C9CD005C6EE4 /* View */,
			);
			path = App;
			sourceTree = "<group>";
		};
		423CDBF11CA3C9CD005C6EE4 /* BaseWidget */ = {
			isa = PBXGroup;
			children = (
				423CDBF21CA3C9CD005C6EE4 /* CustomButton.h */,
				423CDBF31CA3C9CD005C6EE4 /* CustomButton.m */,
				423CDBF41CA3C9CD005C6EE4 /* CustomImageView.h */,
				423CDBF51CA3C9CD005C6EE4 /* CustomImageView.m */,
				423CDBF61CA3C9CD005C6EE4 /* CustomLabel.h */,
				423CDBF71CA3C9CD005C6EE4 /* CustomLabel.m */,
				423CDBF81CA3C9CD005C6EE4 /* CustomTextField.h */,
				423CDBF91CA3C9CD005C6EE4 /* CustomTextField.m */,
				423CDBFA1CA3C9CD005C6EE4 /* PlaceHolderTextView.h */,
				423CDBFB1CA3C9CD005C6EE4 /* PlaceHolderTextView.m */,
			);
			path = BaseWidget;
			sourceTree = "<group>";
		};
		423CDBFC1CA3C9CD005C6EE4 /* Category */ = {
			isa = PBXGroup;
			children = (
				423CDBFD1CA3C9CD005C6EE4 /* NSString+Encrypt.h */,
				423CDBFE1CA3C9CD005C6EE4 /* NSString+Encrypt.m */,
				423CDBFF1CA3C9CD005C6EE4 /* NSString+Expand.h */,
				423CDC001CA3C9CD005C6EE4 /* NSString+Expand.m */,
				423CDC011CA3C9CD005C6EE4 /* UIColor+Hexadecimal.h */,
				423CDC021CA3C9CD005C6EE4 /* UIColor+Hexadecimal.m */,
				423CDC031CA3C9CD005C6EE4 /* UIView+LayoutMethods.h */,
				423CDC041CA3C9CD005C6EE4 /* UIView+LayoutMethods.m */,
				423CDC051CA3C9CD005C6EE4 /* UIViewController+HUD.h */,
				423CDC061CA3C9CD005C6EE4 /* UIViewController+HUD.m */,
			);
			path = Category;
			sourceTree = "<group>";
		};
		423CDC071CA3C9CD005C6EE4 /* Controller */ = {
			isa = PBXGroup;
			children = (
				423CDC621CA3CF4B005C6EE4 /* RefreshViewController.h */,
				423CDC631CA3CF4B005C6EE4 /* RefreshViewController.m */,
				423CDC081CA3C9CD005C6EE4 /* BaseViewController.h */,
				423CDC091CA3C9CD005C6EE4 /* BaseViewController.m */,
				423CDC0A1CA3C9CD005C6EE4 /* LoginViewController.h */,
				423CDC0B1CA3C9CD005C6EE4 /* LoginViewController.m */,
				423CDC0C1CA3C9CD005C6EE4 /* NavBaseViewController.h */,
				423CDC0D1CA3C9CD005C6EE4 /* NavBaseViewController.m */,
				423CDC0E1CA3C9CD005C6EE4 /* RegisterViewController.h */,
				423CDC0F1CA3C9CD005C6EE4 /* RegisterViewController.m */,
				423CDC101CA3C9CD005C6EE4 /* SecondLoginViewController.h */,
				423CDC111CA3C9CD005C6EE4 /* SecondLoginViewController.m */,
				423CDC121CA3C9CD005C6EE4 /* WebViewController.h */,
				423CDC131CA3C9CD005C6EE4 /* WebViewController.m */,
				423CDC571CA3CB64005C6EE4 /* MainViewController.h */,
				423CDC581CA3CB64005C6EE4 /* MainViewController.m */,
				423CDCBF1CA3D836005C6EE4 /* SpecialViewController.h */,
				423CDCC01CA3D836005C6EE4 /* SpecialViewController.m */,
				427644611CAE6E5700F7C5BD /* TempServerViewController.h */,
				427644621CAE6E5700F7C5BD /* TempServerViewController.m */,
				427644521CAE267600F7C5BD /* ShopListViewController.h */,
				427644531CAE267600F7C5BD /* ShopListViewController.m */,
				4276445B1CAE606000F7C5BD /* ShopViewController.h */,
				4276445C1CAE606000F7C5BD /* ShopViewController.m */,
				423CDCC21CA3D840005C6EE4 /* RecordViewController.h */,
				423CDCC31CA3D840005C6EE4 /* RecordViewController.m */,
				423CDCC51CA3D85C005C6EE4 /* UserViewController.h */,
				423CDCC61CA3D85C005C6EE4 /* UserViewController.m */,
				423CDCC81CA3D863005C6EE4 /* ButlerViewController.h */,
				423CDCC91CA3D863005C6EE4 /* ButlerViewController.m */,
				4276444F1CAE227C00F7C5BD /* MyCarsViewController.h */,
				427644501CAE227C00F7C5BD /* MyCarsViewController.m */,
			);
			path = Controller;
			sourceTree = "<group>";
		};
		423CDC141CA3C9CD005C6EE4 /* Model */ = {
			isa = PBXGroup;
			children = (
				423CDC151CA3C9CD005C6EE4 /* UserModel.h */,
				423CDC161CA3C9CD005C6EE4 /* UserModel.m */,
				427644551CAE4ED600F7C5BD /* ShopModel.h */,
				427644561CAE4ED600F7C5BD /* ShopModel.m */,
			);
			path = Model;
			sourceTree = "<group>";
		};
		423CDC171CA3C9CD005C6EE4 /* Service */ = {
			isa = PBXGroup;
			children = (
				423CDCE11CA403B6005C6EE4 /* PushService.h */,
				423CDCE21CA403B6005C6EE4 /* PushService.m */,
				423CDC181CA3C9CD005C6EE4 /* DatabaseService.h */,
				423CDC191CA3C9CD005C6EE4 /* DatabaseService.m */,
				423CDC1A1CA3C9CD005C6EE4 /* HttpService.h */,
				423CDC1B1CA3C9CD005C6EE4 /* HttpService.m */,
				423CDC1C1CA3C9CD005C6EE4 /* UserService.h */,
				423CDC1D1CA3C9CD005C6EE4 /* UserService.m */,
				420004B41CB365BF00E944B9 /* LocationService.h */,
				420004B51CB365BF00E944B9 /* LocationService.m */,
			);
			path = Service;
			sourceTree = "<group>";
		};
		423CDC1E1CA3C9CD005C6EE4 /* ThirdParty */ = {
			isa = PBXGroup;
			children = (
				423CDCCB1CA3F37D005C6EE4 /* jpush */,
				423CDC661CA3CF79005C6EE4 /* EGO */,
			);
			path = ThirdParty;
			sourceTree = "<group>";
		};
		423CDC2E1CA3C9CD005C6EE4 /* Utils */ = {
			isa = PBXGroup;
			children = (
				423CDC2F1CA3C9CD005C6EE4 /* Colors.h */,
				423CDC301CA3C9CD005C6EE4 /* DeviceManager.h */,
				423CDC311CA3C9CD005C6EE4 /* DeviceManager.m */,
				423CDC321CA3C9CD005C6EE4 /* Interface.h */,
				423CDC331CA3C9CD005C6EE4 /* JLXCFont.h */,
				423CDC341CA3C9CD005C6EE4 /* ToolsManager.h */,
				423CDC351CA3C9CD005C6EE4 /* ToolsManager.m */,
			);
			path = Utils;
			sourceTree = "<group>";
		};
		423CDC361CA3C9CD005C6EE4 /* View */ = {
			isa = PBXGroup;
			children = (
				423CDC5C1CA3CE1E005C6EE4 /* RefreshTableView.h */,
				423CDC5D1CA3CE1E005C6EE4 /* RefreshTableView.m */,
				423CDC5E1CA3CE1E005C6EE4 /* TabBarBtn.h */,
				423CDC5F1CA3CE1E005C6EE4 /* TabBarBtn.m */,
				423CDC371CA3C9CD005C6EE4 /* NavBar.h */,
				423CDC381CA3C9CD005C6EE4 /* NavBar.m */,
				427644581CAE5A1B00F7C5BD /* ShopCell.h */,
				427644591CAE5A1B00F7C5BD /* ShopCell.m */,
			);
			path = View;
			sourceTree = "<group>";
		};
		423CDC661CA3CF79005C6EE4 /* EGO */ = {
			isa = PBXGroup;
			children = (
				423CDC671CA3CF79005C6EE4 /* EGORefreshTableFooterView.h */,
				423CDC681CA3CF79005C6EE4 /* EGORefreshTableFooterView.m */,
				423CDC691CA3CF79005C6EE4 /* EGORefreshTableHeaderView.h */,
				423CDC6A1CA3CF79005C6EE4 /* EGORefreshTableHeaderView.m */,
				423CDC6B1CA3CF79005C6EE4 /* EGOResources */,
				423CDC751CA3CF79005C6EE4 /* EGOViewCommon.h */,
			);
			path = EGO;
			sourceTree = "<group>";
		};
		423CDC6B1CA3CF79005C6EE4 /* EGOResources */ = {
			isa = PBXGroup;
			children = (
				423CDC6C1CA3CF79005C6EE4 /* blackArrow.png */,
				423CDC6D1CA3CF79005C6EE4 /* blackArrow@2x.png */,
				423CDC6E1CA3CF79005C6EE4 /* blueArrow.png */,
				423CDC6F1CA3CF79005C6EE4 /* blueArrow@2x.png */,
				423CDC701CA3CF79005C6EE4 /* grayArrow.png */,
				423CDC711CA3CF79005C6EE4 /* grayArrow@2x.png */,
				423CDC721CA3CF79005C6EE4 /* refresh */,
				423CDC731CA3CF79005C6EE4 /* whiteArrow.png */,
				423CDC741CA3CF79005C6EE4 /* whiteArrow@2x.png */,
			);
			path = EGOResources;
			sourceTree = "<group>";
		};
		423CDC721CA3CF79005C6EE4 /* refresh */ = {
			isa = PBXGroup;
			children = (
			);
			path = refresh;
			sourceTree = "<group>";
		};
		423CDC821CA3D2FD005C6EE4 /* Resource */ = {
			isa = PBXGroup;
			children = (
				423CDC831CA3D2FD005C6EE4 /* asset */,
				423CDC851CA3D2FD005C6EE4 /* image */,
			);
			path = Resource;
			sourceTree = "<group>";
		};
		423CDC831CA3D2FD005C6EE4 /* asset */ = {
			isa = PBXGroup;
			children = (
				423CDC841CA3D2FD005C6EE4 /* shs.db */,
			);
			path = asset;
			sourceTree = "<group>";
		};
		423CDC851CA3D2FD005C6EE4 /* image */ = {
			isa = PBXGroup;
			children = (
				42D877521CB7A90F000D0383 /* common */,
				42D877491CB7A271000D0383 /* special */,
				42D8772E1CB7618A000D0383 /* tab */,
				423CDC9E1CA3D2FD005C6EE4 /* login */,
			);
			path = image;
			sourceTree = "<group>";
		};
		423CDC9E1CA3D2FD005C6EE4 /* login */ = {
			isa = PBXGroup;
			children = (
			);
			path = login;
			sourceTree = "<group>";
		};
		423CDCCB1CA3F37D005C6EE4 /* jpush */ = {
			isa = PBXGroup;
			children = (
				423CDCCC1CA3F37D005C6EE4 /* jpush-ios-2.1.0.a */,
				423CDCCD1CA3F37D005C6EE4 /* JPUSHService.h */,
			);
			path = jpush;
			sourceTree = "<group>";
		};
		42D8772E1CB7618A000D0383 /* tab */ = {
			isa = PBXGroup;
			children = (
				42D8772F1CB7618A000D0383 /* butler_normal@2x.png */,
				42D877301CB7618A000D0383 /* butler_selected@2x.png */,
				42D877311CB7618A000D0383 /* home_normal@2x.png */,
				42D877321CB7618A000D0383 /* home_selected@2x.png */,
				42D877331CB7618A000D0383 /* record_normal@2x.png */,
				42D877341CB7618A000D0383 /* record_selected@2x.png */,
				42D877351CB7618A000D0383 /* user_normal@2x.png */,
				42D877361CB7618A000D0383 /* user_selected@2x.png */,
			);
			path = tab;
			sourceTree = "<group>";
		};
		42D877491CB7A271000D0383 /* special */ = {
			isa = PBXGroup;
			children = (
				42D8774A1CB7A271000D0383 /* consult@2x.png */,
				42D8774B1CB7A271000D0383 /* repair@2x.png */,
				42D8774C1CB7A271000D0383 /* wash@2x.png */,
			);
			path = special;
			sourceTree = "<group>";
		};
		42D877521CB7A90F000D0383 /* common */ = {
			isa = PBXGroup;
			children = (
				42D877531CB7A90F000D0383 /* address@2x.png */,
				42D877541CB7A90F000D0383 /* back_btn@2x.png */,
				42D877551CB7A90F000D0383 /* bell@2x.png */,
				42D877561CB7A90F000D0383 /* global_back@2x.png */,
				42D877571CB7A90F000D0383 /* list@2x.png */,
				42D877581CB7A90F000D0383 /* right_arrow@2x.png */,
				42D877591CB7A90F000D0383 /* telephone@2x.png */,
				42D8775A1CB7A90F000D0383 /* ToastFinish@2x.png */,
				42D8775B1CB7A90F000D0383 /* ToastWarn@2x.png */,
			);
			path = common;
			sourceTree = "<group>";
		};
		693AE484AEEBE7AE3020D1AF /* Pods */ = {
			isa = PBXGroup;
			children = (
				969EC8756D8BF4722DF17B5D /* Pods.debug.xcconfig */,
				3188EAA0D91DFE09B254D945 /* Pods.release.xcconfig */,
			);
			name = Pods;
			sourceTree = "<group>";
		};
		AF7761D46E078DAA58D066DA /* Frameworks */ = {
			isa = PBXGroup;
			children = (
				423CDCDF1CA3F589005C6EE4 /* libz.tbd */,
				423CDCDD1CA3F582005C6EE4 /* Security.framework */,
				423CDCDB1CA3F57D005C6EE4 /* UIKit.framework */,
				423CDCD91CA3F578005C6EE4 /* Foundation.framework */,
				423CDCD71CA3F570005C6EE4 /* CoreGraphics.framework */,
				423CDCD51CA3F56B005C6EE4 /* SystemConfiguration.framework */,
				423CDCD31CA3F566005C6EE4 /* CoreTelephony.framework */,
				423CDCD11CA3F55C005C6EE4 /* CoreFoundation.framework */,
				423CDCCF1CA3F553005C6EE4 /* CFNetwork.framework */,
				1895D25B0B198692723D9B0D /* libPods.a */,
			);
			name = Frameworks;
			sourceTree = "<group>";
		};
/* End PBXGroup section */

/* Begin PBXNativeTarget section */
		423CDBD51CA3C2DF005C6EE4 /* SHS_Global */ = {
			isa = PBXNativeTarget;
			buildConfigurationList = 423CDBED1CA3C2DF005C6EE4 /* Build configuration list for PBXNativeTarget "SHS_Global" */;
			buildPhases = (
				BDCC91CC5C488BA35E38C63A /* Check Pods Manifest.lock */,
				423CDBD21CA3C2DF005C6EE4 /* Sources */,
				423CDBD31CA3C2DF005C6EE4 /* Frameworks */,
				423CDBD41CA3C2DF005C6EE4 /* Resources */,
				0BC82BA716092F484EFC50A4 /* Embed Pods Frameworks */,
				B8F67B1166045488DE602370 /* Copy Pods Resources */,
			);
			buildRules = (
			);
			dependencies = (
			);
			name = SHS_Global;
			productName = SHS_Global;
			productReference = 423CDBD61CA3C2DF005C6EE4 /* SHS_Global.app */;
			productType = "com.apple.product-type.application";
		};
/* End PBXNativeTarget section */

/* Begin PBXProject section */
		423CDBCE1CA3C2DF005C6EE4 /* Project object */ = {
			isa = PBXProject;
			attributes = {
				LastUpgradeCheck = 0720;
				ORGANIZATIONNAME = SHS;
				TargetAttributes = {
					423CDBD51CA3C2DF005C6EE4 = {
						CreatedOnToolsVersion = 7.2;
						DevelopmentTeam = HK7H3LEWKM;
						SystemCapabilities = {
							com.apple.BackgroundModes = {
								enabled = 1;
							};
						};
					};
				};
			};
			buildConfigurationList = 423CDBD11CA3C2DF005C6EE4 /* Build configuration list for PBXProject "SHS_Global" */;
			compatibilityVersion = "Xcode 3.2";
			developmentRegion = English;
			hasScannedForEncodings = 0;
			knownRegions = (
				en,
				Base,
			);
			mainGroup = 423CDBCD1CA3C2DF005C6EE4;
			productRefGroup = 423CDBD71CA3C2DF005C6EE4 /* Products */;
			projectDirPath = "";
			projectRoot = "";
			targets = (
				423CDBD51CA3C2DF005C6EE4 /* SHS_Global */,
			);
		};
/* End PBXProject section */

/* Begin PBXResourcesBuildPhase section */
		423CDBD41CA3C2DF005C6EE4 /* Resources */ = {
			isa = PBXResourcesBuildPhase;
			buildActionMask = 2147483647;
			files = (
				42D8775D1CB7A90F000D0383 /* back_btn@2x.png in Resources */,
				42D877391CB7618A000D0383 /* home_normal@2x.png in Resources */,
				42D877381CB7618A000D0383 /* butler_selected@2x.png in Resources */,
				423CDCA31CA3D2FD005C6EE4 /* shs.db in Resources */,
				4236435C1CAD229700546C5D /* Global.strings in Resources */,
				42D8775C1CB7A90F000D0383 /* address@2x.png in Resources */,
				423CDC7D1CA3CF79005C6EE4 /* grayArrow.png in Resources */,
				423CDC7C1CA3CF79005C6EE4 /* blueArrow@2x.png in Resources */,
				423CDBE91CA3C2DF005C6EE4 /* LaunchScreen.storyboard in Resources */,
				42D8774D1CB7A271000D0383 /* consult@2x.png in Resources */,
				42D877641CB7A90F000D0383 /* ToastWarn@2x.png in Resources */,
				42D8773D1CB7618A000D0383 /* user_normal@2x.png in Resources */,
				42D8775E1CB7A90F000D0383 /* bell@2x.png in Resources */,
				423CDC7F1CA3CF79005C6EE4 /* whiteArrow.png in Resources */,
				423CDC7E1CA3CF79005C6EE4 /* grayArrow@2x.png in Resources */,
				423CDBE61CA3C2DF005C6EE4 /* Assets.xcassets in Resources */,
				42D8774E1CB7A271000D0383 /* repair@2x.png in Resources */,
				42D877601CB7A90F000D0383 /* list@2x.png in Resources */,
				42D877621CB7A90F000D0383 /* telephone@2x.png in Resources */,
				42D877631CB7A90F000D0383 /* ToastFinish@2x.png in Resources */,
				42D8774F1CB7A271000D0383 /* wash@2x.png in Resources */,
				42D877611CB7A90F000D0383 /* right_arrow@2x.png in Resources */,
				42D8775F1CB7A90F000D0383 /* global_back@2x.png in Resources */,
				423CDC7A1CA3CF79005C6EE4 /* blackArrow@2x.png in Resources */,
				42D8773E1CB7618A000D0383 /* user_selected@2x.png in Resources */,
				423CDC791CA3CF79005C6EE4 /* blackArrow.png in Resources */,
				423CDC7B1CA3CF79005C6EE4 /* blueArrow.png in Resources */,
				42D8773B1CB7618A000D0383 /* record_normal@2x.png in Resources */,
				42D8773A1CB7618A000D0383 /* home_selected@2x.png in Resources */,
				42D877371CB7618A000D0383 /* butler_normal@2x.png in Resources */,
				42D8773C1CB7618A000D0383 /* record_selected@2x.png in Resources */,
				423CDBE41CA3C2DF005C6EE4 /* Main.storyboard in Resources */,
				423CDC801CA3CF79005C6EE4 /* whiteArrow@2x.png in Resources */,
				423CDC5B1CA3CCB1005C6EE4 /* Global.plist in Resources */,
			);
			runOnlyForDeploymentPostprocessing = 0;
		};
/* End PBXResourcesBuildPhase section */

/* Begin PBXShellScriptBuildPhase section */
		0BC82BA716092F484EFC50A4 /* Embed Pods Frameworks */ = {
			isa = PBXShellScriptBuildPhase;
			buildActionMask = 2147483647;
			files = (
			);
			inputPaths = (
			);
			name = "Embed Pods Frameworks";
			outputPaths = (
			);
			runOnlyForDeploymentPostprocessing = 0;
			shellPath = /bin/sh;
			shellScript = "\"${SRCROOT}/Pods/Target Support Files/Pods/Pods-frameworks.sh\"\n";
			showEnvVarsInLog = 0;
		};
		B8F67B1166045488DE602370 /* Copy Pods Resources */ = {
			isa = PBXShellScriptBuildPhase;
			buildActionMask = 2147483647;
			files = (
			);
			inputPaths = (
			);
			name = "Copy Pods Resources";
			outputPaths = (
			);
			runOnlyForDeploymentPostprocessing = 0;
			shellPath = /bin/sh;
			shellScript = "\"${SRCROOT}/Pods/Target Support Files/Pods/Pods-resources.sh\"\n";
			showEnvVarsInLog = 0;
		};
		BDCC91CC5C488BA35E38C63A /* Check Pods Manifest.lock */ = {
			isa = PBXShellScriptBuildPhase;
			buildActionMask = 2147483647;
			files = (
			);
			inputPaths = (
			);
			name = "Check Pods Manifest.lock";
			outputPaths = (
			);
			runOnlyForDeploymentPostprocessing = 0;
			shellPath = /bin/sh;
			shellScript = "diff \"${PODS_ROOT}/../Podfile.lock\" \"${PODS_ROOT}/Manifest.lock\" > /dev/null\nif [[ $? != 0 ]] ; then\n    cat << EOM\nerror: The sandbox is not in sync with the Podfile.lock. Run 'pod install' or update your CocoaPods installation.\nEOM\n    exit 1\nfi\n";
			showEnvVarsInLog = 0;
		};
/* End PBXShellScriptBuildPhase section */

/* Begin PBXSourcesBuildPhase section */
		423CDBD21CA3C2DF005C6EE4 /* Sources */ = {
			isa = PBXSourcesBuildPhase;
			buildActionMask = 2147483647;
			files = (
				423CDC3E1CA3C9CD005C6EE4 /* NSString+Encrypt.m in Sources */,
				423CDC461CA3C9CD005C6EE4 /* RegisterViewController.m in Sources */,
				423CDC4C1CA3C9CD005C6EE4 /* UserService.m in Sources */,
				423CDC481CA3C9CD005C6EE4 /* WebViewController.m in Sources */,
				423CDC451CA3C9CD005C6EE4 /* NavBaseViewController.m in Sources */,
				423CDC3A1CA3C9CD005C6EE4 /* CustomImageView.m in Sources */,
				423CDCE31CA403B6005C6EE4 /* PushService.m in Sources */,
				423CDC4A1CA3C9CD005C6EE4 /* DatabaseService.m in Sources */,
				423CDC551CA3C9CD005C6EE4 /* NavBar.m in Sources */,
				423CDC391CA3C9CD005C6EE4 /* CustomButton.m in Sources */,
				423CDC491CA3C9CD005C6EE4 /* UserModel.m in Sources */,
				423CDC411CA3C9CD005C6EE4 /* UIView+LayoutMethods.m in Sources */,
				423CDC601CA3CE1E005C6EE4 /* RefreshTableView.m in Sources */,
				423CDC781CA3CF79005C6EE4 /* EGORefreshTableHeaderView.m in Sources */,
				423CDBE11CA3C2DF005C6EE4 /* ViewController.m in Sources */,
				423CDC431CA3C9CD005C6EE4 /* BaseViewController.m in Sources */,
				427644541CAE267600F7C5BD /* ShopListViewController.m in Sources */,
				423CDCC41CA3D840005C6EE4 /* RecordViewController.m in Sources */,
				423CDC3D1CA3C9CD005C6EE4 /* PlaceHolderTextView.m in Sources */,
				423CDBDE1CA3C2DF005C6EE4 /* AppDelegate.m in Sources */,
				423CDC3C1CA3C9CD005C6EE4 /* CustomTextField.m in Sources */,
				423CDC3F1CA3C9CD005C6EE4 /* NSString+Expand.m in Sources */,
				420004B61CB365BF00E944B9 /* LocationService.m in Sources */,
				423CDC421CA3C9CD005C6EE4 /* UIViewController+HUD.m in Sources */,
				423CDC591CA3CB64005C6EE4 /* MainViewController.m in Sources */,
				427644511CAE227C00F7C5BD /* MyCarsViewController.m in Sources */,
				427644571CAE4ED600F7C5BD /* ShopModel.m in Sources */,
				4276445A1CAE5A1B00F7C5BD /* ShopCell.m in Sources */,
				423CDBDB1CA3C2DF005C6EE4 /* main.m in Sources */,
				423CDC4B1CA3C9CD005C6EE4 /* HttpService.m in Sources */,
				423CDC3B1CA3C9CD005C6EE4 /* CustomLabel.m in Sources */,
				423CDC771CA3CF79005C6EE4 /* EGORefreshTableFooterView.m in Sources */,
				423CDC541CA3C9CD005C6EE4 /* ToolsManager.m in Sources */,
				427644631CAE6E5700F7C5BD /* TempServerViewController.m in Sources */,
				423CDC611CA3CE1E005C6EE4 /* TabBarBtn.m in Sources */,
				423CDC531CA3C9CD005C6EE4 /* DeviceManager.m in Sources */,
				4276445D1CAE606000F7C5BD /* ShopViewController.m in Sources */,
				423CDC641CA3CF4B005C6EE4 /* RefreshViewController.m in Sources */,
				423CDCC11CA3D836005C6EE4 /* SpecialViewController.m in Sources */,
				423CDC401CA3C9CD005C6EE4 /* UIColor+Hexadecimal.m in Sources */,
				423CDC471CA3C9CD005C6EE4 /* SecondLoginViewController.m in Sources */,
				423CDC441CA3C9CD005C6EE4 /* LoginViewController.m in Sources */,
				423CDCC71CA3D85C005C6EE4 /* UserViewController.m in Sources */,
				423CDCCA1CA3D863005C6EE4 /* ButlerViewController.m in Sources */,
			);
			runOnlyForDeploymentPostprocessing = 0;
		};
/* End PBXSourcesBuildPhase section */

/* Begin PBXVariantGroup section */
		4236435E1CAD229700546C5D /* Global.strings */ = {
			isa = PBXVariantGroup;
			children = (
				4236435D1CAD229700546C5D /* Base */,
			);
			name = Global.strings;
			sourceTree = "<group>";
		};
		423CDBE21CA3C2DF005C6EE4 /* Main.storyboard */ = {
			isa = PBXVariantGroup;
			children = (
				423CDBE31CA3C2DF005C6EE4 /* Base */,
			);
			name = Main.storyboard;
			sourceTree = "<group>";
		};
		423CDBE71CA3C2DF005C6EE4 /* LaunchScreen.storyboard */ = {
			isa = PBXVariantGroup;
			children = (
				423CDBE81CA3C2DF005C6EE4 /* Base */,
			);
			name = LaunchScreen.storyboard;
			sourceTree = "<group>";
		};
/* End PBXVariantGroup section */

/* Begin XCBuildConfiguration section */
		423CDBEB1CA3C2DF005C6EE4 /* Debug */ = {
			isa = XCBuildConfiguration;
			buildSettings = {
				ALWAYS_SEARCH_USER_PATHS = NO;
				CLANG_CXX_LANGUAGE_STANDARD = "gnu++0x";
				CLANG_CXX_LIBRARY = "libc++";
				CLANG_ENABLE_MODULES = YES;
				CLANG_ENABLE_OBJC_ARC = YES;
				CLANG_WARN_BOOL_CONVERSION = YES;
				CLANG_WARN_CONSTANT_CONVERSION = YES;
				CLANG_WARN_DIRECT_OBJC_ISA_USAGE = YES_ERROR;
				CLANG_WARN_EMPTY_BODY = YES;
				CLANG_WARN_ENUM_CONVERSION = YES;
				CLANG_WARN_INT_CONVERSION = YES;
				CLANG_WARN_OBJC_ROOT_CLASS = YES_ERROR;
				CLANG_WARN_UNREACHABLE_CODE = YES;
				CLANG_WARN__DUPLICATE_METHOD_MATCH = YES;
				"CODE_SIGN_IDENTITY[sdk=iphoneos*]" = "iPhone Developer";
				COPY_PHASE_STRIP = NO;
				DEBUG_INFORMATION_FORMAT = dwarf;
				ENABLE_STRICT_OBJC_MSGSEND = YES;
				ENABLE_TESTABILITY = YES;
				GCC_C_LANGUAGE_STANDARD = gnu99;
				GCC_DYNAMIC_NO_PIC = NO;
				GCC_NO_COMMON_BLOCKS = YES;
				GCC_OPTIMIZATION_LEVEL = 0;
				GCC_PREPROCESSOR_DEFINITIONS = (
					"DEBUG=1",
					"$(inherited)",
				);
				GCC_WARN_64_TO_32_BIT_CONVERSION = YES;
				GCC_WARN_ABOUT_RETURN_TYPE = YES_ERROR;
				GCC_WARN_UNDECLARED_SELECTOR = YES;
				GCC_WARN_UNINITIALIZED_AUTOS = YES_AGGRESSIVE;
				GCC_WARN_UNUSED_FUNCTION = YES;
				GCC_WARN_UNUSED_VARIABLE = YES;
				IPHONEOS_DEPLOYMENT_TARGET = 9.2;
				MTL_ENABLE_DEBUG_INFO = YES;
				ONLY_ACTIVE_ARCH = YES;
				SDKROOT = iphoneos;
				TARGETED_DEVICE_FAMILY = "1,2";
			};
			name = Debug;
		};
		423CDBEC1CA3C2DF005C6EE4 /* Release */ = {
			isa = XCBuildConfiguration;
			buildSettings = {
				ALWAYS_SEARCH_USER_PATHS = NO;
				CLANG_CXX_LANGUAGE_STANDARD = "gnu++0x";
				CLANG_CXX_LIBRARY = "libc++";
				CLANG_ENABLE_MODULES = YES;
				CLANG_ENABLE_OBJC_ARC = YES;
				CLANG_WARN_BOOL_CONVERSION = YES;
				CLANG_WARN_CONSTANT_CONVERSION = YES;
				CLANG_WARN_DIRECT_OBJC_ISA_USAGE = YES_ERROR;
				CLANG_WARN_EMPTY_BODY = YES;
				CLANG_WARN_ENUM_CONVERSION = YES;
				CLANG_WARN_INT_CONVERSION = YES;
				CLANG_WARN_OBJC_ROOT_CLASS = YES_ERROR;
				CLANG_WARN_UNREACHABLE_CODE = YES;
				CLANG_WARN__DUPLICATE_METHOD_MATCH = YES;
				"CODE_SIGN_IDENTITY[sdk=iphoneos*]" = "iPhone Developer";
				COPY_PHASE_STRIP = NO;
				DEBUG_INFORMATION_FORMAT = "dwarf-with-dsym";
				ENABLE_NS_ASSERTIONS = NO;
				ENABLE_STRICT_OBJC_MSGSEND = YES;
				GCC_C_LANGUAGE_STANDARD = gnu99;
				GCC_NO_COMMON_BLOCKS = YES;
				GCC_WARN_64_TO_32_BIT_CONVERSION = YES;
				GCC_WARN_ABOUT_RETURN_TYPE = YES_ERROR;
				GCC_WARN_UNDECLARED_SELECTOR = YES;
				GCC_WARN_UNINITIALIZED_AUTOS = YES_AGGRESSIVE;
				GCC_WARN_UNUSED_FUNCTION = YES;
				GCC_WARN_UNUSED_VARIABLE = YES;
				IPHONEOS_DEPLOYMENT_TARGET = 9.2;
				MTL_ENABLE_DEBUG_INFO = NO;
				SDKROOT = iphoneos;
				TARGETED_DEVICE_FAMILY = "1,2";
				VALIDATE_PRODUCT = YES;
			};
			name = Release;
		};
		423CDBEE1CA3C2DF005C6EE4 /* Debug */ = {
			isa = XCBuildConfiguration;
			baseConfigurationReference = 969EC8756D8BF4722DF17B5D /* Pods.debug.xcconfig */;
			buildSettings = {
				ASSETCATALOG_COMPILER_APPICON_NAME = AppIcon;
				CODE_SIGN_IDENTITY = "iPhone Developer";
				"CODE_SIGN_IDENTITY[sdk=iphoneos*]" = "iPhone Developer";
				ENABLE_BITCODE = NO;
				GCC_PREFIX_HEADER = "$(SRCROOT)/SHS_Global/PrefixHeader.pch";
				INFOPLIST_FILE = SHS_Global/Info.plist;
				IPHONEOS_DEPLOYMENT_TARGET = 7.0;
				LD_RUNPATH_SEARCH_PATHS = "$(inherited) @executable_path/Frameworks";
				LIBRARY_SEARCH_PATHS = (
					"$(inherited)",
					"$(PROJECT_DIR)/SHS_Global/App/ThirdParty/jpush",
				);
				PRODUCT_BUNDLE_IDENTIFIER = "com.SHS.SHS-Global";
				PRODUCT_NAME = "$(TARGET_NAME)";
				PROVISIONING_PROFILE = "";
			};
			name = Debug;
		};
		423CDBEF1CA3C2DF005C6EE4 /* Release */ = {
			isa = XCBuildConfiguration;
			baseConfigurationReference = 3188EAA0D91DFE09B254D945 /* Pods.release.xcconfig */;
			buildSettings = {
				ASSETCATALOG_COMPILER_APPICON_NAME = AppIcon;
				CODE_SIGN_IDENTITY = "iPhone Developer";
				"CODE_SIGN_IDENTITY[sdk=iphoneos*]" = "iPhone Developer";
				ENABLE_BITCODE = NO;
				GCC_PREFIX_HEADER = "$(SRCROOT)/SHS_Global/PrefixHeader.pch";
				INFOPLIST_FILE = SHS_Global/Info.plist;
				IPHONEOS_DEPLOYMENT_TARGET = 7.0;
				LD_RUNPATH_SEARCH_PATHS = "$(inherited) @executable_path/Frameworks";
				LIBRARY_SEARCH_PATHS = (
					"$(inherited)",
					"$(PROJECT_DIR)/SHS_Global/App/ThirdParty/jpush",
				);
				PRODUCT_BUNDLE_IDENTIFIER = "com.SHS.SHS-Global";
				PRODUCT_NAME = "$(TARGET_NAME)";
				PROVISIONING_PROFILE = "";
			};
			name = Release;
		};
/* End XCBuildConfiguration section */

/* Begin XCConfigurationList section */
		423CDBD11CA3C2DF005C6EE4 /* Build configuration list for PBXProject "SHS_Global" */ = {
			isa = XCConfigurationList;
			buildConfigurations = (
				423CDBEB1CA3C2DF005C6EE4 /* Debug */,
				423CDBEC1CA3C2DF005C6EE4 /* Release */,
			);
			defaultConfigurationIsVisible = 0;
			defaultConfigurationName = Release;
		};
		423CDBED1CA3C2DF005C6EE4 /* Build configuration list for PBXNativeTarget "SHS_Global" */ = {
			isa = XCConfigurationList;
			buildConfigurations = (
				423CDBEE1CA3C2DF005C6EE4 /* Debug */,
				423CDBEF1CA3C2DF005C6EE4 /* Release */,
			);
			defaultConfigurationIsVisible = 0;
			defaultConfigurationName = Release;
		};
/* End XCConfigurationList section */
	};
	rootObject = 423CDBCE1CA3C2DF005C6EE4 /* Project object */;
}
